// !$*UTF8*$!
{
	archiveVersion = 1;
	classes = {
	};
	objectVersion = 48;
	objects = {

/* Begin PBXBuildFile section */
		D6F32AFB206A6B19009A5523 /* AppDelegate.swift in Sources */ = {isa = PBXBuildFile; fileRef = D6F32AFA206A6B19009A5523 /* AppDelegate.swift */; };
		D6F32AFD206A6B19009A5523 /* ViewController.swift in Sources */ = {isa = PBXBuildFile; fileRef = D6F32AFC206A6B19009A5523 /* ViewController.swift */; };
		D6F32B00206A6B19009A5523 /* Main.storyboard in Resources */ = {isa = PBXBuildFile; fileRef = D6F32AFE206A6B19009A5523 /* Main.storyboard */; };
		D6F32B02206A6B19009A5523 /* Assets.xcassets in Resources */ = {isa = PBXBuildFile; fileRef = D6F32B01206A6B19009A5523 /* Assets.xcassets */; };
		D6F32B05206A6B19009A5523 /* LaunchScreen.storyboard in Resources */ = {isa = PBXBuildFile; fileRef = D6F32B03206A6B19009A5523 /* LaunchScreen.storyboard */; };
		D6F32B10206A6B19009A5523 /* StressesEGETests.swift in Sources */ = {isa = PBXBuildFile; fileRef = D6F32B0F206A6B19009A5523 /* StressesEGETests.swift */; };
		D6F32B1B206A6B19009A5523 /* StressesEGEUITests.swift in Sources */ = {isa = PBXBuildFile; fileRef = D6F32B1A206A6B19009A5523 /* StressesEGEUITests.swift */; };
/* End PBXBuildFile section */

/* Begin PBXContainerItemProxy section */
		D6F32B0C206A6B19009A5523 /* PBXContainerItemProxy */ = {
			isa = PBXContainerItemProxy;
			containerPortal = D6F32AEF206A6B19009A5523 /* Project object */;
			proxyType = 1;
			remoteGlobalIDString = D6F32AF6206A6B19009A5523;
			remoteInfo = StressesEGE;
		};
		D6F32B17206A6B19009A5523 /* PBXContainerItemProxy */ = {
			isa = PBXContainerItemProxy;
			containerPortal = D6F32AEF206A6B19009A5523 /* Project object */;
			proxyType = 1;
			remoteGlobalIDString = D6F32AF6206A6B19009A5523;
			remoteInfo = StressesEGE;
		};
/* End PBXContainerItemProxy section */

/* Begin PBXFileReference section */
		D6F32AF7206A6B19009A5523 /* StressesEGE.app */ = {isa = PBXFileReference; explicitFileType = wrapper.application; includeInIndex = 0; path = StressesEGE.app; sourceTree = BUILT_PRODUCTS_DIR; };
		D6F32AFA206A6B19009A5523 /* AppDelegate.swift */ = {isa = PBXFileReference; lastKnownFileType = sourcecode.swift; path = AppDelegate.swift; sourceTree = "<group>"; };
		D6F32AFC206A6B19009A5523 /* ViewController.swift */ = {isa = PBXFileReference; lastKnownFileType = sourcecode.swift; path = ViewController.swift; sourceTree = "<group>"; };
		D6F32AFF206A6B19009A5523 /* Base */ = {isa = PBXFileReference; lastKnownFileType = file.storyboard; name = Base; path = Base.lproj/Main.storyboard; sourceTree = "<group>"; };
		D6F32B01206A6B19009A5523 /* Assets.xcassets */ = {isa = PBXFileReference; lastKnownFileType = folder.assetcatalog; path = Assets.xcassets; sourceTree = "<group>"; };
		D6F32B04206A6B19009A5523 /* Base */ = {isa = PBXFileReference; lastKnownFileType = file.storyboard; name = Base; path = Base.lproj/LaunchScreen.storyboard; sourceTree = "<group>"; };
		D6F32B06206A6B19009A5523 /* Info.plist */ = {isa = PBXFileReference; lastKnownFileType = text.plist.xml; path = Info.plist; sourceTree = "<group>"; };
		D6F32B0B206A6B19009A5523 /* StressesEGETests.xctest */ = {isa = PBXFileReference; explicitFileType = wrapper.cfbundle; includeInIndex = 0; path = StressesEGETests.xctest; sourceTree = BUILT_PRODUCTS_DIR; };
		D6F32B0F206A6B19009A5523 /* StressesEGETests.swift */ = {isa = PBXFileReference; lastKnownFileType = sourcecode.swift; path = StressesEGETests.swift; sourceTree = "<group>"; };
		D6F32B11206A6B19009A5523 /* Info.plist */ = {isa = PBXFileReference; lastKnownFileType = text.plist.xml; path = Info.plist; sourceTree = "<group>"; };
		D6F32B16206A6B19009A5523 /* StressesEGEUITests.xctest */ = {isa = PBXFileReference; explicitFileType = wrapper.cfbundle; includeInIndex = 0; path = StressesEGEUITests.xctest; sourceTree = BUILT_PRODUCTS_DIR; };
		D6F32B1A206A6B19009A5523 /* StressesEGEUITests.swift */ = {isa = PBXFileReference; lastKnownFileType = sourcecode.swift; path = StressesEGEUITests.swift; sourceTree = "<group>"; };
		D6F32B1C206A6B19009A5523 /* Info.plist */ = {isa = PBXFileReference; lastKnownFileType = text.plist.xml; path = Info.plist; sourceTree = "<group>"; };
/* End PBXFileReference section */

/* Begin PBXFrameworksBuildPhase section */
		D6F32AF4206A6B19009A5523 /* Frameworks */ = {
			isa = PBXFrameworksBuildPhase;
			buildActionMask = 2147483647;
			files = (
			);
			runOnlyForDeploymentPostprocessing = 0;
		};
		D6F32B08206A6B19009A5523 /* Frameworks */ = {
			isa = PBXFrameworksBuildPhase;
			buildActionMask = 2147483647;
			files = (
			);
			runOnlyForDeploymentPostprocessing = 0;
		};
		D6F32B13206A6B19009A5523 /* Frameworks */ = {
			isa = PBXFrameworksBuildPhase;
			buildActionMask = 2147483647;
			files = (
			);
			runOnlyForDeploymentPostprocessing = 0;
		};
/* End PBXFrameworksBuildPhase section */

/* Begin PBXGroup section */
		D6F32AEE206A6B19009A5523 = {
			isa = PBXGroup;
			children = (
				D6F32AF9206A6B19009A5523 /* StressesEGE */,
				D6F32B0E206A6B19009A5523 /* StressesEGETests */,
				D6F32B19206A6B19009A5523 /* StressesEGEUITests */,
				D6F32AF8206A6B19009A5523 /* Products */,
			);
			sourceTree = "<group>";
		};
		D6F32AF8206A6B19009A5523 /* Products */ = {
			isa = PBXGroup;
			children = (
				D6F32AF7206A6B19009A5523 /* StressesEGE.app */,
				D6F32B0B206A6B19009A5523 /* StressesEGETests.xctest */,
				D6F32B16206A6B19009A5523 /* StressesEGEUITests.xctest */,
			);
			name = Products;
			sourceTree = "<group>";
		};
		D6F32AF9206A6B19009A5523 /* StressesEGE */ = {
			isa = PBXGroup;
			children = (
				D6F32AFA206A6B19009A5523 /* AppDelegate.swift */,
				D6F32AFC206A6B19009A5523 /* ViewController.swift */,
				D6F32AFE206A6B19009A5523 /* Main.storyboard */,
				D6F32B01206A6B19009A5523 /* Assets.xcassets */,
				D6F32B03206A6B19009A5523 /* LaunchScreen.storyboard */,
				D6F32B06206A6B19009A5523 /* Info.plist */,
			);
			path = StressesEGE;
			sourceTree = "<group>";
		};
		D6F32B0E206A6B19009A5523 /* StressesEGETests */ = {
			isa = PBXGroup;
			children = (
				D6F32B0F206A6B19009A5523 /* StressesEGETests.swift */,
				D6F32B11206A6B19009A5523 /* Info.plist */,
			);
			path = StressesEGETests;
			sourceTree = "<group>";
		};
		D6F32B19206A6B19009A5523 /* StressesEGEUITests */ = {
			isa = PBXGroup;
			children = (
				D6F32B1A206A6B19009A5523 /* StressesEGEUITests.swift */,
				D6F32B1C206A6B19009A5523 /* Info.plist */,
			);
			path = StressesEGEUITests;
			sourceTree = "<group>";
		};
/* End PBXGroup section */

/* Begin PBXNativeTarget section */
		D6F32AF6206A6B19009A5523 /* StressesEGE */ = {
			isa = PBXNativeTarget;
			buildConfigurationList = D6F32B1F206A6B19009A5523 /* Build configuration list for PBXNativeTarget "StressesEGE" */;
			buildPhases = (
				D6F32AF3206A6B19009A5523 /* Sources */,
				D6F32AF4206A6B19009A5523 /* Frameworks */,
				D6F32AF5206A6B19009A5523 /* Resources */,
			);
			buildRules = (
			);
			dependencies = (
			);
			name = StressesEGE;
			productName = StressesEGE;
			productReference = D6F32AF7206A6B19009A5523 /* StressesEGE.app */;
			productType = "com.apple.product-type.application";
		};
		D6F32B0A206A6B19009A5523 /* StressesEGETests */ = {
			isa = PBXNativeTarget;
			buildConfigurationList = D6F32B22206A6B19009A5523 /* Build configuration list for PBXNativeTarget "StressesEGETests" */;
			buildPhases = (
				D6F32B07206A6B19009A5523 /* Sources */,
				D6F32B08206A6B19009A5523 /* Frameworks */,
				D6F32B09206A6B19009A5523 /* Resources */,
			);
			buildRules = (
			);
			dependencies = (
				D6F32B0D206A6B19009A5523 /* PBXTargetDependency */,
			);
			name = StressesEGETests;
			productName = StressesEGETests;
			productReference = D6F32B0B206A6B19009A5523 /* StressesEGETests.xctest */;
			productType = "com.apple.product-type.bundle.unit-test";
		};
		D6F32B15206A6B19009A5523 /* StressesEGEUITests */ = {
			isa = PBXNativeTarget;
			buildConfigurationList = D6F32B25206A6B19009A5523 /* Build configuration list for PBXNativeTarget "StressesEGEUITests" */;
			buildPhases = (
				D6F32B12206A6B19009A5523 /* Sources */,
				D6F32B13206A6B19009A5523 /* Frameworks */,
				D6F32B14206A6B19009A5523 /* Resources */,
			);
			buildRules = (
			);
			dependencies = (
				D6F32B18206A6B19009A5523 /* PBXTargetDependency */,
			);
			name = StressesEGEUITests;
			productName = StressesEGEUITests;
			productReference = D6F32B16206A6B19009A5523 /* StressesEGEUITests.xctest */;
			productType = "com.apple.product-type.bundle.ui-testing";
		};
/* End PBXNativeTarget section */

/* Begin PBXProject section */
		D6F32AEF206A6B19009A5523 /* Project object */ = {
			isa = PBXProject;
			attributes = {
				LastSwiftUpdateCheck = 0920;
				LastUpgradeCheck = 0920;
				ORGANIZATIONNAME = "Nikita Pribytkin";
				TargetAttributes = {
					D6F32AF6206A6B19009A5523 = {
						CreatedOnToolsVersion = 9.2;
						ProvisioningStyle = Automatic;
					};
					D6F32B0A206A6B19009A5523 = {
						CreatedOnToolsVersion = 9.2;
						ProvisioningStyle = Automatic;
						TestTargetID = D6F32AF6206A6B19009A5523;
					};
					D6F32B15206A6B19009A5523 = {
						CreatedOnToolsVersion = 9.2;
						ProvisioningStyle = Automatic;
						TestTargetID = D6F32AF6206A6B19009A5523;
					};
				};
			};
			buildConfigurationList = D6F32AF2206A6B19009A5523 /* Build configuration list for PBXProject "StressesEGE" */;
			compatibilityVersion = "Xcode 8.0";
			developmentRegion = en;
			hasScannedForEncodings = 0;
			knownRegions = (
				en,
				Base,
			);
			mainGroup = D6F32AEE206A6B19009A5523;
			productRefGroup = D6F32AF8206A6B19009A5523 /* Products */;
			projectDirPath = "";
			projectRoot = "";
			targets = (
				D6F32AF6206A6B19009A5523 /* StressesEGE */,
				D6F32B0A206A6B19009A5523 /* StressesEGETests */,
				D6F32B15206A6B19009A5523 /* StressesEGEUITests */,
			);
		};
/* End PBXProject section */

/* Begin PBXResourcesBuildPhase section */
		D6F32AF5206A6B19009A5523 /* Resources */ = {
			isa = PBXResourcesBuildPhase;
			buildActionMask = 2147483647;
			files = (
				D6F32B05206A6B19009A5523 /* LaunchScreen.storyboard in Resources */,
				D6F32B02206A6B19009A5523 /* Assets.xcassets in Resources */,
				D6F32B00206A6B19009A5523 /* Main.storyboard in Resources */,
			);
			runOnlyForDeploymentPostprocessing = 0;
		};
		D6F32B09206A6B19009A5523 /* Resources */ = {
			isa = PBXResourcesBuildPhase;
			buildActionMask = 2147483647;
			files = (
			);
			runOnlyForDeploymentPostprocessing = 0;
		};
		D6F32B14206A6B19009A5523 /* Resources */ = {
			isa = PBXResourcesBuildPhase;
			buildActionMask = 2147483647;
			files = (
			);
			runOnlyForDeploymentPostprocessing = 0;
		};
/* End PBXResourcesBuildPhase section */

/* Begin PBXSourcesBuildPhase section */
		D6F32AF3206A6B19009A5523 /* Sources */ = {
			isa = PBXSourcesBuildPhase;
			buildActionMask = 2147483647;
			files = (
				D6F32AFD206A6B19009A5523 /* ViewController.swift in Sources */,
				D6F32AFB206A6B19009A5523 /* AppDelegate.swift in Sources */,
			);
			runOnlyForDeploymentPostprocessing = 0;
		};
		D6F32B07206A6B19009A5523 /* Sources */ = {
			isa = PBXSourcesBuildPhase;
			buildActionMask = 2147483647;
			files = (
				D6F32B10206A6B19009A5523 /* StressesEGETests.swift in Sources */,
			);
			runOnlyForDeploymentPostprocessing = 0;
		};
		D6F32B12206A6B19009A5523 /* Sources */ = {
			isa = PBXSourcesBuildPhase;
			buildActionMask = 2147483647;
			files = (
				D6F32B1B206A6B19009A5523 /* StressesEGEUITests.swift in Sources */,
			);
			runOnlyForDeploymentPostprocessing = 0;
		};
/* End PBXSourcesBuildPhase section */

/* Begin PBXTargetDependency section */
		D6F32B0D206A6B19009A5523 /* PBXTargetDependency */ = {
			isa = PBXTargetDependency;
			target = D6F32AF6206A6B19009A5523 /* StressesEGE */;
			targetProxy = D6F32B0C206A6B19009A5523 /* PBXContainerItemProxy */;
		};
		D6F32B18206A6B19009A5523 /* PBXTargetDependency */ = {
			isa = PBXTargetDependency;
			target = D6F32AF6206A6B19009A5523 /* StressesEGE */;
			targetProxy = D6F32B17206A6B19009A5523 /* PBXContainerItemProxy */;
		};
/* End PBXTargetDependency section */

/* Begin PBXVariantGroup section */
		D6F32AFE206A6B19009A5523 /* Main.storyboard */ = {
			isa = PBXVariantGroup;
			children = (
				D6F32AFF206A6B19009A5523 /* Base */,
			);
			name = Main.storyboard;
			sourceTree = "<group>";
		};
		D6F32B03206A6B19009A5523 /* LaunchScreen.storyboard */ = {
			isa = PBXVariantGroup;
			children = (
				D6F32B04206A6B19009A5523 /* Base */,
			);
			name = LaunchScreen.storyboard;
			sourceTree = "<group>";
		};
/* End PBXVariantGroup section */

/* Begin XCBuildConfiguration section */
		D6F32B1D206A6B19009A5523 /* Debug */ = {
			isa = XCBuildConfiguration;
			buildSettings = {
				ALWAYS_SEARCH_USER_PATHS = NO;
				CLANG_ANALYZER_NONNULL = YES;
				CLANG_ANALYZER_NUMBER_OBJECT_CONVERSION = YES_AGGRESSIVE;
				CLANG_CXX_LANGUAGE_STANDARD = "gnu++14";
				CLANG_CXX_LIBRARY = "libc++";
				CLANG_ENABLE_MODULES = YES;
				CLANG_ENABLE_OBJC_ARC = YES;
				CLANG_WARN_BLOCK_CAPTURE_AUTORELEASING = YES;
				CLANG_WARN_BOOL_CONVERSION = YES;
				CLANG_WARN_COMMA = YES;
				CLANG_WARN_CONSTANT_CONVERSION = YES;
				CLANG_WARN_DIRECT_OBJC_ISA_USAGE = YES_ERROR;
				CLANG_WARN_DOCUMENTATION_COMMENTS = YES;
				CLANG_WARN_EMPTY_BODY = YES;
				CLANG_WARN_ENUM_CONVERSION = YES;
				CLANG_WARN_INFINITE_RECURSION = YES;
				CLANG_WARN_INT_CONVERSION = YES;
				CLANG_WARN_NON_LITERAL_NULL_CONVERSION = YES;
				CLANG_WARN_OBJC_LITERAL_CONVERSION = YES;
				CLANG_WARN_OBJC_ROOT_CLASS = YES_ERROR;
				CLANG_WARN_RANGE_LOOP_ANALYSIS = YES;
				CLANG_WARN_STRICT_PROTOTYPES = YES;
				CLANG_WARN_SUSPICIOUS_MOVE = YES;
				CLANG_WARN_UNGUARDED_AVAILABILITY = YES_AGGRESSIVE;
				CLANG_WARN_UNREACHABLE_CODE = YES;
				CLANG_WARN__DUPLICATE_METHOD_MATCH = YES;
				CODE_SIGN_IDENTITY = "iPhone Developer";
				COPY_PHASE_STRIP = NO;
				DEBUG_INFORMATION_FORMAT = dwarf;
				ENABLE_STRICT_OBJC_MSGSEND = YES;
				ENABLE_TESTABILITY = YES;
				GCC_C_LANGUAGE_STANDARD = gnu11;
				GCC_DYNAMIC_NO_PIC = NO;
				GCC_NO_COMMON_BLOCKS = YES;
				GCC_OPTIMIZATION_LEVEL = 0;
				GCC_PREPROCESSOR_DEFINITIONS = (
					"DEBUG=1",
					"$(inherited)",
				);
				GCC_WARN_64_TO_32_BIT_CONVERSION = YES;
				GCC_WARN_ABOUT_RETURN_TYPE = YES_ERROR;
				GCC_WARN_UNDECLARED_SELECTOR = YES;
				GCC_WARN_UNINITIALIZED_AUTOS = YES_AGGRESSIVE;
				GCC_WARN_UNUSED_FUNCTION = YES;
				GCC_WARN_UNUSED_VARIABLE = YES;
				IPHONEOS_DEPLOYMENT_TARGET = 11.2;
				MTL_ENABLE_DEBUG_INFO = YES;
				ONLY_ACTIVE_ARCH = YES;
				SDKROOT = iphoneos;
				SWIFT_ACTIVE_COMPILATION_CONDITIONS = DEBUG;
				SWIFT_OPTIMIZATION_LEVEL = "-Onone";
			};
			name = Debug;
		};
		D6F32B1E206A6B19009A5523 /* Release */ = {
			isa = XCBuildConfiguration;
			buildSettings = {
				ALWAYS_SEARCH_USER_PATHS = NO;
				CLANG_ANALYZER_NONNULL = YES;
				CLANG_ANALYZER_NUMBER_OBJECT_CONVERSION = YES_AGGRESSIVE;
				CLANG_CXX_LANGUAGE_STANDARD = "gnu++14";
				CLANG_CXX_LIBRARY = "libc++";
				CLANG_ENABLE_MODULES = YES;
				CLANG_ENABLE_OBJC_ARC = YES;
				CLANG_WARN_BLOCK_CAPTURE_AUTORELEASING = YES;
				CLANG_WARN_BOOL_CONVERSION = YES;
				CLANG_WARN_COMMA = YES;
				CLANG_WARN_CONSTANT_CONVERSION = YES;
				CLANG_WARN_DIRECT_OBJC_ISA_USAGE = YES_ERROR;
				CLANG_WARN_DOCUMENTATION_COMMENTS = YES;
				CLANG_WARN_EMPTY_BODY = YES;
				CLANG_WARN_ENUM_CONVERSION = YES;
				CLANG_WARN_INFINITE_RECURSION = YES;
				CLANG_WARN_INT_CONVERSION = YES;
				CLANG_WARN_NON_LITERAL_NULL_CONVERSION = YES;
				CLANG_WARN_OBJC_LITERAL_CONVERSION = YES;
				CLANG_WARN_OBJC_ROOT_CLASS = YES_ERROR;
				CLANG_WARN_RANGE_LOOP_ANALYSIS = YES;
				CLANG_WARN_STRICT_PROTOTYPES = YES;
				CLANG_WARN_SUSPICIOUS_MOVE = YES;
				CLANG_WARN_UNGUARDED_AVAILABILITY = YES_AGGRESSIVE;
				CLANG_WARN_UNREACHABLE_CODE = YES;
				CLANG_WARN__DUPLICATE_METHOD_MATCH = YES;
				CODE_SIGN_IDENTITY = "iPhone Developer";
				COPY_PHASE_STRIP = NO;
				DEBUG_INFORMATION_FORMAT = "dwarf-with-dsym";
				ENABLE_NS_ASSERTIONS = NO;
				ENABLE_STRICT_OBJC_MSGSEND = YES;
				GCC_C_LANGUAGE_STANDARD = gnu11;
				GCC_NO_COMMON_BLOCKS = YES;
				GCC_WARN_64_TO_32_BIT_CONVERSION = YES;
				GCC_WARN_ABOUT_RETURN_TYPE = YES_ERROR;
				GCC_WARN_UNDECLARED_SELECTOR = YES;
				GCC_WARN_UNINITIALIZED_AUTOS = YES_AGGRESSIVE;
				GCC_WARN_UNUSED_FUNCTION = YES;
				GCC_WARN_UNUSED_VARIABLE = YES;
				IPHONEOS_DEPLOYMENT_TARGET = 11.2;
				MTL_ENABLE_DEBUG_INFO = NO;
				SDKROOT = iphoneos;
				SWIFT_OPTIMIZATION_LEVEL = "-Owholemodule";
				VALIDATE_PRODUCT = YES;
			};
			name = Release;
		};
		D6F32B20206A6B19009A5523 /* Debug */ = {
			isa = XCBuildConfiguration;
			buildSettings = {
				ASSETCATALOG_COMPILER_APPICON_NAME = AppIcon;
				CODE_SIGN_STYLE = Automatic;
				DEVELOPMENT_TEAM = ME9DAW343L;
				INFOPLIST_FILE = StressesEGE/Info.plist;
				LD_RUNPATH_SEARCH_PATHS = "$(inherited) @executable_path/Frameworks";
				PRODUCT_BUNDLE_IDENTIFIER = pribytkin.StressesEGE;
				PRODUCT_NAME = "$(TARGET_NAME)";
				SWIFT_VERSION = 4.0;
				TARGETED_DEVICE_FAMILY = "1,2";
			};
			name = Debug;
		};
		D6F32B21206A6B19009A5523 /* Release */ = {
			isa = XCBuildConfiguration;
			buildSettings = {
				ASSETCATALOG_COMPILER_APPICON_NAME = AppIcon;
				CODE_SIGN_STYLE = Automatic;
				DEVELOPMENT_TEAM = ME9DAW343L;
				INFOPLIST_FILE = StressesEGE/Info.plist;
				LD_RUNPATH_SEARCH_PATHS = "$(inherited) @executable_path/Frameworks";
				PRODUCT_BUNDLE_IDENTIFIER = pribytkin.StressesEGE;
				PRODUCT_NAME = "$(TARGET_NAME)";
				SWIFT_VERSION = 4.0;
				TARGETED_DEVICE_FAMILY = "1,2";
			};
			name = Release;
		};
		D6F32B23206A6B19009A5523 /* Debug */ = {
			isa = XCBuildConfiguration;
			buildSettings = {
				ALWAYS_EMBED_SWIFT_STANDARD_LIBRARIES = YES;
				BUNDLE_LOADER = "$(TEST_HOST)";
				CODE_SIGN_STYLE = Automatic;
				DEVELOPMENT_TEAM = ME9DAW343L;
				INFOPLIST_FILE = StressesEGETests/Info.plist;
				LD_RUNPATH_SEARCH_PATHS = "$(inherited) @executable_path/Frameworks @loader_path/Frameworks";
				PRODUCT_BUNDLE_IDENTIFIER = pribytkin.StressesEGETests;
				PRODUCT_NAME = "$(TARGET_NAME)";
				SWIFT_VERSION = 4.0;
				TARGETED_DEVICE_FAMILY = "1,2";
				TEST_HOST = "$(BUILT_PRODUCTS_DIR)/StressesEGE.app/StressesEGE";
			};
			name = Debug;
		};
		D6F32B24206A6B19009A5523 /* Release */ = {
			isa = XCBuildConfiguration;
			buildSettings = {
				ALWAYS_EMBED_SWIFT_STANDARD_LIBRARIES = YES;
				BUNDLE_LOADER = "$(TEST_HOST)";
				CODE_SIGN_STYLE = Automatic;
				DEVELOPMENT_TEAM = ME9DAW343L;
				INFOPLIST_FILE = StressesEGETests/Info.plist;
				LD_RUNPATH_SEARCH_PATHS = "$(inherited) @executable_path/Frameworks @loader_path/Frameworks";
				PRODUCT_BUNDLE_IDENTIFIER = pribytkin.StressesEGETests;
				PRODUCT_NAME = "$(TARGET_NAME)";
				SWIFT_VERSION = 4.0;
				TARGETED_DEVICE_FAMILY = "1,2";
				TEST_HOST = "$(BUILT_PRODUCTS_DIR)/StressesEGE.app/StressesEGE";
			};
			name = Release;
		};
		D6F32B26206A6B19009A5523 /* Debug */ = {
			isa = XCBuildConfiguration;
			buildSettings = {
				ALWAYS_EMBED_SWIFT_STANDARD_LIBRARIES = YES;
				CODE_SIGN_STYLE = Automatic;
				DEVELOPMENT_TEAM = ME9DAW343L;
				INFOPLIST_FILE = StressesEGEUITests/Info.plist;
				LD_RUNPATH_SEARCH_PATHS = "$(inherited) @executable_path/Frameworks @loader_path/Frameworks";
				PRODUCT_BUNDLE_IDENTIFIER = pribytkin.StressesEGEUITests;
				PRODUCT_NAME = "$(TARGET_NAME)";
				SWIFT_VERSION = 4.0;
				TARGETED_DEVICE_FAMILY = "1,2";
				TEST_TARGET_NAME = StressesEGE;
			};
			name = Debug;
		};
		D6F32B27206A6B19009A5523 /* Release */ = {
			isa = XCBuildConfiguration;
			buildSettings = {
				ALWAYS_EMBED_SWIFT_STANDARD_LIBRARIES = YES;
				CODE_SIGN_STYLE = Automatic;
				DEVELOPMENT_TEAM = ME9DAW343L;
				INFOPLIST_FILE = StressesEGEUITests/Info.plist;
				LD_RUNPATH_SEARCH_PATHS = "$(inherited) @executable_path/Frameworks @loader_path/Frameworks";
				PRODUCT_BUNDLE_IDENTIFIER = pribytkin.StressesEGEUITests;
				PRODUCT_NAME = "$(TARGET_NAME)";
				SWIFT_VERSION = 4.0;
				TARGETED_DEVICE_FAMILY = "1,2";
				TEST_TARGET_NAME = StressesEGE;
			};
			name = Release;
		};
/* End XCBuildConfiguration section */

/* Begin XCConfigurationList section */
		D6F32AF2206A6B19009A5523 /* Build configuration list for PBXProject "StressesEGE" */ = {
			isa = XCConfigurationList;
			buildConfigurations = (
				D6F32B1D206A6B19009A5523 /* Debug */,
				D6F32B1E206A6B19009A5523 /* Release */,
			);
			defaultConfigurationIsVisible = 0;
			defaultConfigurationName = Release;
		};
		D6F32B1F206A6B19009A5523 /* Build configuration list for PBXNativeTarget "StressesEGE" */ = {
			isa = XCConfigurationList;
			buildConfigurations = (
				D6F32B20206A6B19009A5523 /* Debug */,
				D6F32B21206A6B19009A5523 /* Release */,
			);
			defaultConfigurationIsVisible = 0;
			defaultConfigurationName = Release;
		};
		D6F32B22206A6B19009A5523 /* Build configuration list for PBXNativeTarget "StressesEGETests" */ = {
			isa = XCConfigurationList;
			buildConfigurations = (
				D6F32B23206A6B19009A5523 /* Debug */,
				D6F32B24206A6B19009A5523 /* Release */,
			);
			defaultConfigurationIsVisible = 0;
			defaultConfigurationName = Release;
		};
		D6F32B25206A6B19009A5523 /* Build configuration list for PBXNativeTarget "StressesEGEUITests" */ = {
			isa = XCConfigurationList;
			buildConfigurations = (
				D6F32B26206A6B19009A5523 /* Debug */,
				D6F32B27206A6B19009A5523 /* Release */,
			);
			defaultConfigurationIsVisible = 0;
			defaultConfigurationName = Release;
		};
/* End XCConfigurationList section */
	};
	rootObject = D6F32AEF206A6B19009A5523 /* Project object */;
}
